
Microsoft Visual Studio Solution File, Format Version 12.00
# Visual Studio Version 16
VisualStudioVersion = 16.0.31005.135
MinimumVisualStudioVersion = 10.0.40219.1
Project("{8BC9CEB8-8B4A-11D0-8D11-00A0C91BC942}") = "ControlWINDOW", "ControlWINDOW.vcxproj", "{CC861719-6CDE-4644-B974-0384DF7A0AAF}"
EndProject
Global
	GlobalSection(SolutionConfigurationPlatforms) = preSolution
		Debug|x64 = Debug|x64
		Debug|x86 = Debug|x86
		Release|x64 = Release|x64
		Release|x86 = Release|x86
	EndGlobalSection
	GlobalSection(ProjectConfigurationPlatforms) = postSolution
		{CC861719-6CDE-4644-B974-0384DF7A0AAF}.Debug|x64.ActiveCfg = Debug|x64
		{CC861719-6CDE-4644-B974-0384DF7A0AAF}.Debug|x64.Build.0 = Debug|x64
		{CC861719-6CDE-4644-B974-0384DF7A0AAF}.Debug|x86.ActiveCfg = Debug|Win32
		{CC861719-6CDE-4644-B974-0384DF7A0AAF}.Debug|x86.Build.0 = Debug|Win32
		{CC861719-6CDE-4644-B974-0384DF7A0AAF}.Release|x64.ActiveCfg = Release|x64
		{CC861719-6CDE-4644-B974-0384DF7A0AAF}.Release|x64.Build.0 = Release|x64
		{CC861719-6CDE-4644-B974-0384DF7A0AAF}.Release|x86.ActiveCfg = Release|Win32
		{CC861719-6CDE-4644-B974-0384DF7A0AAF}.Release|x86.Build.0 = Release|Win32
	EndGlobalSection
	GlobalSection(SolutionProperties) = preSolution
		HideSolutionNode = FALSE
	EndGlobalSection
	GlobalSection(ExtensibilityGlobals) = postSolution
		SolutionGuid = {971253EE-10D6-483E-A30C-63D475771F86}
	EndGlobalSection
EndGlobal
