
Microsoft Visual Studio Solution File, Format Version 12.00
# Visual Studio Version 16
VisualStudioVersion = 16.0.31112.23
MinimumVisualStudioVersion = 10.0.40219.1
Project("{FAE04EC0-301F-11D3-BF4B-00C04F79EFBC}") = "QuanLyAPI", "QuanLyAPI\QuanLyAPI.csproj", "{9C405297-C998-4958-850B-C8BF2AA9036E}"
EndProject
Global
	GlobalSection(SolutionConfigurationPlatforms) = preSolution
		Debug|Any CPU = Debug|Any CPU
		Release|Any CPU = Release|Any CPU
	EndGlobalSection
	GlobalSection(ProjectConfigurationPlatforms) = postSolution
		{9C405297-C998-4958-850B-C8BF2AA9036E}.Debug|Any CPU.ActiveCfg = Debug|Any CPU
		{9C405297-C998-4958-850B-C8BF2AA9036E}.Debug|Any CPU.Build.0 = Debug|Any CPU
		{9C405297-C998-4958-850B-C8BF2AA9036E}.Release|Any CPU.ActiveCfg = Release|Any CPU
		{9C405297-C998-4958-850B-C8BF2AA9036E}.Release|Any CPU.Build.0 = Release|Any CPU
	EndGlobalSection
	GlobalSection(SolutionProperties) = preSolution
		HideSolutionNode = FALSE
	EndGlobalSection
	GlobalSection(ExtensibilityGlobals) = postSolution
		SolutionGuid = {BE68AF5F-FDD3-4CC0-88D2-7B38F38F6DC4}
	EndGlobalSection
EndGlobal
