
Microsoft Visual Studio Solution File, Format Version 12.00
# Visual Studio Version 16
VisualStudioVersion = 16.0.31129.286
MinimumVisualStudioVersion = 10.0.40219.1
Project("{8BC9CEB8-8B4A-11D0-8D11-00A0C91BC942}") = "Bai4", "Bai4.vcxproj", "{FD588DA7-CC4A-47B8-BE66-9D72B411E6E8}"
EndProject
Global
	GlobalSection(SolutionConfigurationPlatforms) = preSolution
		Debug|x64 = Debug|x64
		Debug|x86 = Debug|x86
		Release|x64 = Release|x64
		Release|x86 = Release|x86
	EndGlobalSection
	GlobalSection(ProjectConfigurationPlatforms) = postSolution
		{FD588DA7-CC4A-47B8-BE66-9D72B411E6E8}.Debug|x64.ActiveCfg = Debug|x64
		{FD588DA7-CC4A-47B8-BE66-9D72B411E6E8}.Debug|x64.Build.0 = Debug|x64
		{FD588DA7-CC4A-47B8-BE66-9D72B411E6E8}.Debug|x86.ActiveCfg = Debug|Win32
		{FD588DA7-CC4A-47B8-BE66-9D72B411E6E8}.Debug|x86.Build.0 = Debug|Win32
		{FD588DA7-CC4A-47B8-BE66-9D72B411E6E8}.Release|x64.ActiveCfg = Release|x64
		{FD588DA7-CC4A-47B8-BE66-9D72B411E6E8}.Release|x64.Build.0 = Release|x64
		{FD588DA7-CC4A-47B8-BE66-9D72B411E6E8}.Release|x86.ActiveCfg = Release|Win32
		{FD588DA7-CC4A-47B8-BE66-9D72B411E6E8}.Release|x86.Build.0 = Release|Win32
	EndGlobalSection
	GlobalSection(SolutionProperties) = preSolution
		HideSolutionNode = FALSE
	EndGlobalSection
	GlobalSection(ExtensibilityGlobals) = postSolution
		SolutionGuid = {B006D25B-B1F9-48A4-B115-D5A9448F2D98}
	EndGlobalSection
EndGlobal
